
Microsoft Visual Studio Solution File, Format Version 12.00
# Visual Studio Version 17
VisualStudioVersion = 17.10.35013.160
MinimumVisualStudioVersion = 10.0.40219.1
Project("{9A19103F-16F7-4668-BE54-9A1E7A4F7556}") = "SignalRApi", "SignalRApi\SignalRApi.csproj", "{0D44826F-5128-407B-BE80-2A0895AC0A92}"
EndProject
Project("{9A19103F-16F7-4668-BE54-9A1E7A4F7556}") = "SignalRWebUI", "SignalRWebUI\SignalRWebUI.csproj", "{06CEBF6E-ABA3-4644-B967-28476B36B859}"
EndProject
Project("{9A19103F-16F7-4668-BE54-9A1E7A4F7556}") = "SignalR.EntityLayer", "SignalR.EntityLayer\SignalR.EntityLayer.csproj", "{BD4C6944-858C-4A4A-83E0-F35FD9A7C8A0}"
EndProject
Project("{9A19103F-16F7-4668-BE54-9A1E7A4F7556}") = "SignalR.DataAccessLayer", "SignalR.DataAccessLayer\SignalR.DataAccessLayer.csproj", "{831DE623-030C-437D-A2F3-962CB31D9B65}"
EndProject
Project("{9A19103F-16F7-4668-BE54-9A1E7A4F7556}") = "SignalR.DtoLayer", "SinalR.DtoLayer\SignalR.DtoLayer.csproj", "{2A8D1911-6D59-455E-B2C0-DDD0236FE1F8}"
EndProject
Project("{9A19103F-16F7-4668-BE54-9A1E7A4F7556}") = "SignalR.BusinessLayer", "SignalR.BusinessLayer\SignalR.BusinessLayer.csproj", "{DA7C2097-3CBA-4EE1-81C2-97BCAF462C25}"
EndProject
Global
	GlobalSection(SolutionConfigurationPlatforms) = preSolution
		Debug|Any CPU = Debug|Any CPU
		Release|Any CPU = Release|Any CPU
	EndGlobalSection
	GlobalSection(ProjectConfigurationPlatforms) = postSolution
		{0D44826F-5128-407B-BE80-2A0895AC0A92}.Debug|Any CPU.ActiveCfg = Debug|Any CPU
		{0D44826F-5128-407B-BE80-2A0895AC0A92}.Debug|Any CPU.Build.0 = Debug|Any CPU
		{0D44826F-5128-407B-BE80-2A0895AC0A92}.Release|Any CPU.ActiveCfg = Release|Any CPU
		{0D44826F-5128-407B-BE80-2A0895AC0A92}.Release|Any CPU.Build.0 = Release|Any CPU
		{06CEBF6E-ABA3-4644-B967-28476B36B859}.Debug|Any CPU.ActiveCfg = Debug|Any CPU
		{06CEBF6E-ABA3-4644-B967-28476B36B859}.Debug|Any CPU.Build.0 = Debug|Any CPU
		{06CEBF6E-ABA3-4644-B967-28476B36B859}.Release|Any CPU.ActiveCfg = Release|Any CPU
		{06CEBF6E-ABA3-4644-B967-28476B36B859}.Release|Any CPU.Build.0 = Release|Any CPU
		{BD4C6944-858C-4A4A-83E0-F35FD9A7C8A0}.Debug|Any CPU.ActiveCfg = Debug|Any CPU
		{BD4C6944-858C-4A4A-83E0-F35FD9A7C8A0}.Debug|Any CPU.Build.0 = Debug|Any CPU
		{BD4C6944-858C-4A4A-83E0-F35FD9A7C8A0}.Release|Any CPU.ActiveCfg = Release|Any CPU
		{BD4C6944-858C-4A4A-83E0-F35FD9A7C8A0}.Release|Any CPU.Build.0 = Release|Any CPU
		{831DE623-030C-437D-A2F3-962CB31D9B65}.Debug|Any CPU.ActiveCfg = Debug|Any CPU
		{831DE623-030C-437D-A2F3-962CB31D9B65}.Debug|Any CPU.Build.0 = Debug|Any CPU
		{831DE623-030C-437D-A2F3-962CB31D9B65}.Release|Any CPU.ActiveCfg = Release|Any CPU
		{831DE623-030C-437D-A2F3-962CB31D9B65}.Release|Any CPU.Build.0 = Release|Any CPU
		{2A8D1911-6D59-455E-B2C0-DDD0236FE1F8}.Debug|Any CPU.ActiveCfg = Debug|Any CPU
		{2A8D1911-6D59-455E-B2C0-DDD0236FE1F8}.Debug|Any CPU.Build.0 = Debug|Any CPU
		{2A8D1911-6D59-455E-B2C0-DDD0236FE1F8}.Release|Any CPU.ActiveCfg = Release|Any CPU
		{2A8D1911-6D59-455E-B2C0-DDD0236FE1F8}.Release|Any CPU.Build.0 = Release|Any CPU
		{DA7C2097-3CBA-4EE1-81C2-97BCAF462C25}.Debug|Any CPU.ActiveCfg = Debug|Any CPU
		{DA7C2097-3CBA-4EE1-81C2-97BCAF462C25}.Debug|Any CPU.Build.0 = Debug|Any CPU
		{DA7C2097-3CBA-4EE1-81C2-97BCAF462C25}.Release|Any CPU.ActiveCfg = Release|Any CPU
		{DA7C2097-3CBA-4EE1-81C2-97BCAF462C25}.Release|Any CPU.Build.0 = Release|Any CPU
	EndGlobalSection
	GlobalSection(SolutionProperties) = preSolution
		HideSolutionNode = FALSE
	EndGlobalSection
	GlobalSection(ExtensibilityGlobals) = postSolution
		SolutionGuid = {06871982-8789-4482-A44F-81716E10D3E7}
	EndGlobalSection
EndGlobal
